
Microsoft Visual Studio Solution File, Format Version 12.00
# Visual Studio 15
VisualStudioVersion = 15.0.28307.757
MinimumVisualStudioVersion = 10.0.40219.1
Project("{FAE04EC0-301F-11D3-BF4B-00C04F79EFBC}") = "primeri", "primeri\primeri.csproj", "{B7999D87-A235-4E3A-8227-301EA6F926CF}"
EndProject
Global
	GlobalSection(SolutionConfigurationPlatforms) = preSolution
		Debug|Any CPU = Debug|Any CPU
		Release|Any CPU = Release|Any CPU
	EndGlobalSection
	GlobalSection(ProjectConfigurationPlatforms) = postSolution
		{B7999D87-A235-4E3A-8227-301EA6F926CF}.Debug|Any CPU.ActiveCfg = Debug|Any CPU
		{B7999D87-A235-4E3A-8227-301EA6F926CF}.Debug|Any CPU.Build.0 = Debug|Any CPU
		{B7999D87-A235-4E3A-8227-301EA6F926CF}.Release|Any CPU.ActiveCfg = Release|Any CPU
		{B7999D87-A235-4E3A-8227-301EA6F926CF}.Release|Any CPU.Build.0 = Release|Any CPU
	EndGlobalSection
	GlobalSection(SolutionProperties) = preSolution
		HideSolutionNode = FALSE
	EndGlobalSection
	GlobalSection(ExtensibilityGlobals) = postSolution
		SolutionGuid = {B9BCEF2A-08BB-4945-8B53-064242ED1251}
	EndGlobalSection
EndGlobal
